
Microsoft Visual Studio Solution File, Format Version 12.00
# Visual Studio Version 17
VisualStudioVersion = 17.5.33424.131
MinimumVisualStudioVersion = 10.0.40219.1
Project("{9A19103F-16F7-4668-BE54-9A1E7A4F7556}") = "PrintSign", "PintSign\PrintSign.csproj", "{E70FE9D5-2309-4186-B04B-C3B18B6A28FE}"
EndProject
Project("{9A19103F-16F7-4668-BE54-9A1E7A4F7556}") = "Grades", "..\Grades\Grades.csproj", "{5E33E2BC-90BB-4E28-A51D-9678EBA7CC5D}"
EndProject
Project("{9A19103F-16F7-4668-BE54-9A1E7A4F7556}") = "DefaultValues", "..\DefaultValues\DefaultValues.csproj", "{AFD27122-6891-486D-B4EF-21FEEB40E639}"
EndProject
Project("{FAE04EC0-301F-11D3-BF4B-00C04F79EFBC}") = "PrintTriangle", "..\PrintTriangle\PrintTriangle.csproj", "{BE535445-9AF8-4A2D-8A93-C8B5C0B5348C}"
EndProject
Project("{FAE04EC0-301F-11D3-BF4B-00C04F79EFBC}") = "DayOfWeek", "..\DayOfWeek\DayOfWeek.csproj", "{F3A26BF7-F93B-44D7-B17C-6A8702B11D86}"
EndProject
Project("{FAE04EC0-301F-11D3-BF4B-00C04F79EFBC}") = "RepeatString", "..\RepeatString\RepeatString.csproj", "{BAD289A2-20A3-4D57-ACD5-2250DC7AA47A}"
EndProject
Global
	GlobalSection(SolutionConfigurationPlatforms) = preSolution
		Debug|Any CPU = Debug|Any CPU
		Release|Any CPU = Release|Any CPU
	EndGlobalSection
	GlobalSection(ProjectConfigurationPlatforms) = postSolution
		{E70FE9D5-2309-4186-B04B-C3B18B6A28FE}.Debug|Any CPU.ActiveCfg = Debug|Any CPU
		{E70FE9D5-2309-4186-B04B-C3B18B6A28FE}.Debug|Any CPU.Build.0 = Debug|Any CPU
		{E70FE9D5-2309-4186-B04B-C3B18B6A28FE}.Release|Any CPU.ActiveCfg = Release|Any CPU
		{E70FE9D5-2309-4186-B04B-C3B18B6A28FE}.Release|Any CPU.Build.0 = Release|Any CPU
		{5E33E2BC-90BB-4E28-A51D-9678EBA7CC5D}.Debug|Any CPU.ActiveCfg = Debug|Any CPU
		{5E33E2BC-90BB-4E28-A51D-9678EBA7CC5D}.Debug|Any CPU.Build.0 = Debug|Any CPU
		{5E33E2BC-90BB-4E28-A51D-9678EBA7CC5D}.Release|Any CPU.ActiveCfg = Release|Any CPU
		{5E33E2BC-90BB-4E28-A51D-9678EBA7CC5D}.Release|Any CPU.Build.0 = Release|Any CPU
		{AFD27122-6891-486D-B4EF-21FEEB40E639}.Debug|Any CPU.ActiveCfg = Debug|Any CPU
		{AFD27122-6891-486D-B4EF-21FEEB40E639}.Debug|Any CPU.Build.0 = Debug|Any CPU
		{AFD27122-6891-486D-B4EF-21FEEB40E639}.Release|Any CPU.ActiveCfg = Release|Any CPU
		{AFD27122-6891-486D-B4EF-21FEEB40E639}.Release|Any CPU.Build.0 = Release|Any CPU
		{BE535445-9AF8-4A2D-8A93-C8B5C0B5348C}.Debug|Any CPU.ActiveCfg = Debug|Any CPU
		{BE535445-9AF8-4A2D-8A93-C8B5C0B5348C}.Debug|Any CPU.Build.0 = Debug|Any CPU
		{BE535445-9AF8-4A2D-8A93-C8B5C0B5348C}.Release|Any CPU.ActiveCfg = Release|Any CPU
		{BE535445-9AF8-4A2D-8A93-C8B5C0B5348C}.Release|Any CPU.Build.0 = Release|Any CPU
		{F3A26BF7-F93B-44D7-B17C-6A8702B11D86}.Debug|Any CPU.ActiveCfg = Debug|Any CPU
		{F3A26BF7-F93B-44D7-B17C-6A8702B11D86}.Debug|Any CPU.Build.0 = Debug|Any CPU
		{F3A26BF7-F93B-44D7-B17C-6A8702B11D86}.Release|Any CPU.ActiveCfg = Release|Any CPU
		{F3A26BF7-F93B-44D7-B17C-6A8702B11D86}.Release|Any CPU.Build.0 = Release|Any CPU
		{BAD289A2-20A3-4D57-ACD5-2250DC7AA47A}.Debug|Any CPU.ActiveCfg = Debug|Any CPU
		{BAD289A2-20A3-4D57-ACD5-2250DC7AA47A}.Debug|Any CPU.Build.0 = Debug|Any CPU
		{BAD289A2-20A3-4D57-ACD5-2250DC7AA47A}.Release|Any CPU.ActiveCfg = Release|Any CPU
		{BAD289A2-20A3-4D57-ACD5-2250DC7AA47A}.Release|Any CPU.Build.0 = Release|Any CPU
	EndGlobalSection
	GlobalSection(SolutionProperties) = preSolution
		HideSolutionNode = FALSE
	EndGlobalSection
	GlobalSection(ExtensibilityGlobals) = postSolution
		SolutionGuid = {35478913-7425-4635-8DD5-9BA3F3D50D3B}
	EndGlobalSection
EndGlobal
